{
  "nodes": {
    "nixpkgs": {
      "locked": {
        "lastModified": 1725826545,
        "narHash": "sha256-L64N1rpLlXdc94H+F6scnrbuEu+utC03cDDVvvJGOME=",
        "rev": "f4c846aee8e1e29062aa8514d5e0ab270f4ec2f9",
        "revCount": 634968,
        "type": "tarball",
        "url": "https://api.flakehub.com/f/pinned/NixOS/nixpkgs/0.2405.634968%2Brev-f4c846aee8e1e29062aa8514d5e0ab270f4ec2f9/0191d88e-5a81-7c67-9eca-2a2f952b405b/source.tar.gz"
      },
      "original": {
        "type": "tarball",
        "url": "https://flakehub.com/f/NixOS/nixpkgs/0.2405.634968.tar.gz"
      }
    },
    "root": {
      "inputs": {
        "nixpkgs": "nixpkgs"
      }
    }
  },
  "root": "root",
  "version": 7
}
